// !$*UTF8*$!
{
	archiveVersion = 1;
	classes = {
	};
	objectVersion = 56;
	objects = {

/* Begin PBXBuildFile section */
		332C49DC2A02882000E4A37C /* ToDoApp.swift in Sources */ = {isa = PBXBuildFile; fileRef = 332C49DB2A02882000E4A37C /* ToDoApp.swift */; };
		332C49DE2A02882000E4A37C /* MainView.swift in Sources */ = {isa = PBXBuildFile; fileRef = 332C49DD2A02882000E4A37C /* MainView.swift */; };
		332C49E02A02882200E4A37C /* Assets.xcassets in Resources */ = {isa = PBXBuildFile; fileRef = 332C49DF2A02882200E4A37C /* Assets.xcassets */; };
		332C49E32A02882200E4A37C /* Preview Assets.xcassets in Resources */ = {isa = PBXBuildFile; fileRef = 332C49E22A02882200E4A37C /* Preview Assets.xcassets */; };
		332C49ED2A02882200E4A37C /* ToDoTests.swift in Sources */ = {isa = PBXBuildFile; fileRef = 332C49EC2A02882200E4A37C /* ToDoTests.swift */; };
		332C49F72A02882200E4A37C /* ToDoUITests.swift in Sources */ = {isa = PBXBuildFile; fileRef = 332C49F62A02882200E4A37C /* ToDoUITests.swift */; };
		332C49F92A02882200E4A37C /* ToDoUITestsLaunchTests.swift in Sources */ = {isa = PBXBuildFile; fileRef = 332C49F82A02882200E4A37C /* ToDoUITestsLaunchTests.swift */; };
		332C4A072A028A5B00E4A37C /* FirebaseAuth in Frameworks */ = {isa = PBXBuildFile; productRef = 332C4A062A028A5B00E4A37C /* FirebaseAuth */; };
		332C4A092A028A5B00E4A37C /* FirebaseFirestore in Frameworks */ = {isa = PBXBuildFile; productRef = 332C4A082A028A5B00E4A37C /* FirebaseFirestore */; };
		332C4A0B2A028A5B00E4A37C /* FirebaseFirestoreSwift in Frameworks */ = {isa = PBXBuildFile; productRef = 332C4A0A2A028A5B00E4A37C /* FirebaseFirestoreSwift */; };
		332C4A112A028AC400E4A37C /* User.swift in Sources */ = {isa = PBXBuildFile; fileRef = 332C4A102A028AC400E4A37C /* User.swift */; };
		332C4A142A028AEF00E4A37C /* ToDoListitem.swift in Sources */ = {isa = PBXBuildFile; fileRef = 332C4A132A028AEE00E4A37C /* ToDoListitem.swift */; };
		332C4A172A028B5600E4A37C /* ProfileView.swift in Sources */ = {isa = PBXBuildFile; fileRef = 332C4A162A028B5600E4A37C /* ProfileView.swift */; };
		332C4A1B2A028B7F00E4A37C /* NewItemView.swift in Sources */ = {isa = PBXBuildFile; fileRef = 332C4A1A2A028B7F00E4A37C /* NewItemView.swift */; };
		332C4A1D2A028C6600E4A37C /* ToDoListView.swift in Sources */ = {isa = PBXBuildFile; fileRef = 332C4A1C2A028C6600E4A37C /* ToDoListView.swift */; };
		332C4A1F2A028C8200E4A37C /* LoginView.swift in Sources */ = {isa = PBXBuildFile; fileRef = 332C4A1E2A028C8200E4A37C /* LoginView.swift */; };
		332C4A212A028C8B00E4A37C /* RegisterView.swift in Sources */ = {isa = PBXBuildFile; fileRef = 332C4A202A028C8B00E4A37C /* RegisterView.swift */; };
		332C4A232A028C9D00E4A37C /* ToDoListItemView.swift in Sources */ = {isa = PBXBuildFile; fileRef = 332C4A222A028C9D00E4A37C /* ToDoListItemView.swift */; };
		332C4A262A028CC100E4A37C /* MainViewViewModel.swift in Sources */ = {isa = PBXBuildFile; fileRef = 332C4A252A028CC100E4A37C /* MainViewViewModel.swift */; };
		332C4A282A028CD800E4A37C /* LoginViewViewModel.swift in Sources */ = {isa = PBXBuildFile; fileRef = 332C4A272A028CD800E4A37C /* LoginViewViewModel.swift */; };
		332C4A2A2A028CE500E4A37C /* RegisterViewViewModel.swift in Sources */ = {isa = PBXBuildFile; fileRef = 332C4A292A028CE500E4A37C /* RegisterViewViewModel.swift */; };
		332C4A2C2A028CEE00E4A37C /* ProfileViewViewModel.swift in Sources */ = {isa = PBXBuildFile; fileRef = 332C4A2B2A028CEE00E4A37C /* ProfileViewViewModel.swift */; };
		332C4A2E2A028D0900E4A37C /* NewItemViewViewModel.swift in Sources */ = {isa = PBXBuildFile; fileRef = 332C4A2D2A028D0900E4A37C /* NewItemViewViewModel.swift */; };
		332C4A302A028D1B00E4A37C /* ToDoListViewViewModel.swift in Sources */ = {isa = PBXBuildFile; fileRef = 332C4A2F2A028D1B00E4A37C /* ToDoListViewViewModel.swift */; };
		332C4A322A02900700E4A37C /* HeaderView.swift in Sources */ = {isa = PBXBuildFile; fileRef = 332C4A312A02900700E4A37C /* HeaderView.swift */; };
		3335FE4F2A875EAA00217817 /* GoogleService-Info.plist in Resources */ = {isa = PBXBuildFile; fileRef = 3335FE4E2A875EAA00217817 /* GoogleService-Info.plist */; };
		3335FE512A87998E00217817 /* Launch Screen.storyboard in Resources */ = {isa = PBXBuildFile; fileRef = 3335FE502A87998E00217817 /* Launch Screen.storyboard */; };
		336FD3482A092D6E00D3B855 /* ToDoListItemViewViewModel.swift in Sources */ = {isa = PBXBuildFile; fileRef = 336FD3472A092D6E00D3B855 /* ToDoListItemViewViewModel.swift */; };
		33AB5B662A05310800204977 /* TDButton.swift in Sources */ = {isa = PBXBuildFile; fileRef = 33AB5B652A05310800204977 /* TDButton.swift */; };
		33AF36852A07587B0010CFE1 /* Extensions.swift in Sources */ = {isa = PBXBuildFile; fileRef = 33AF36842A07587B0010CFE1 /* Extensions.swift */; };
/* End PBXBuildFile section */

/* Begin PBXContainerItemProxy section */
		332C49E92A02882200E4A37C /* PBXContainerItemProxy */ = {
			isa = PBXContainerItemProxy;
			containerPortal = 332C49D02A02882000E4A37C /* Project object */;
			proxyType = 1;
			remoteGlobalIDString = 332C49D72A02882000E4A37C;
			remoteInfo = ToDo;
		};
		332C49F32A02882200E4A37C /* PBXContainerItemProxy */ = {
			isa = PBXContainerItemProxy;
			containerPortal = 332C49D02A02882000E4A37C /* Project object */;
			proxyType = 1;
			remoteGlobalIDString = 332C49D72A02882000E4A37C;
			remoteInfo = ToDo;
		};
/* End PBXContainerItemProxy section */

/* Begin PBXFileReference section */
		332C49D82A02882000E4A37C /* ToDo.app */ = {isa = PBXFileReference; explicitFileType = wrapper.application; includeInIndex = 0; path = ToDo.app; sourceTree = BUILT_PRODUCTS_DIR; };
		332C49DB2A02882000E4A37C /* ToDoApp.swift */ = {isa = PBXFileReference; lastKnownFileType = sourcecode.swift; path = ToDoApp.swift; sourceTree = "<group>"; };
		332C49DD2A02882000E4A37C /* MainView.swift */ = {isa = PBXFileReference; lastKnownFileType = sourcecode.swift; path = MainView.swift; sourceTree = "<group>"; };
		332C49DF2A02882200E4A37C /* Assets.xcassets */ = {isa = PBXFileReference; lastKnownFileType = folder.assetcatalog; path = Assets.xcassets; sourceTree = "<group>"; };
		332C49E22A02882200E4A37C /* Preview Assets.xcassets */ = {isa = PBXFileReference; lastKnownFileType = folder.assetcatalog; path = "Preview Assets.xcassets"; sourceTree = "<group>"; };
		332C49E82A02882200E4A37C /* ToDoTests.xctest */ = {isa = PBXFileReference; explicitFileType = wrapper.cfbundle; includeInIndex = 0; path = ToDoTests.xctest; sourceTree = BUILT_PRODUCTS_DIR; };
		332C49EC2A02882200E4A37C /* ToDoTests.swift */ = {isa = PBXFileReference; lastKnownFileType = sourcecode.swift; path = ToDoTests.swift; sourceTree = "<group>"; };
		332C49F22A02882200E4A37C /* ToDoUITests.xctest */ = {isa = PBXFileReference; explicitFileType = wrapper.cfbundle; includeInIndex = 0; path = ToDoUITests.xctest; sourceTree = BUILT_PRODUCTS_DIR; };
		332C49F62A02882200E4A37C /* ToDoUITests.swift */ = {isa = PBXFileReference; lastKnownFileType = sourcecode.swift; path = ToDoUITests.swift; sourceTree = "<group>"; };
		332C49F82A02882200E4A37C /* ToDoUITestsLaunchTests.swift */ = {isa = PBXFileReference; lastKnownFileType = sourcecode.swift; path = ToDoUITestsLaunchTests.swift; sourceTree = "<group>"; };
		332C4A102A028AC400E4A37C /* User.swift */ = {isa = PBXFileReference; lastKnownFileType = sourcecode.swift; path = User.swift; sourceTree = "<group>"; };
		332C4A132A028AEE00E4A37C /* ToDoListitem.swift */ = {isa = PBXFileReference; lastKnownFileType = sourcecode.swift; path = ToDoListitem.swift; sourceTree = "<group>"; };
		332C4A162A028B5600E4A37C /* ProfileView.swift */ = {isa = PBXFileReference; lastKnownFileType = sourcecode.swift; path = ProfileView.swift; sourceTree = "<group>"; };
		332C4A1A2A028B7F00E4A37C /* NewItemView.swift */ = {isa = PBXFileReference; lastKnownFileType = sourcecode.swift; path = NewItemView.swift; sourceTree = "<group>"; };
		332C4A1C2A028C6600E4A37C /* ToDoListView.swift */ = {isa = PBXFileReference; lastKnownFileType = sourcecode.swift; path = ToDoListView.swift; sourceTree = "<group>"; };
		332C4A1E2A028C8200E4A37C /* LoginView.swift */ = {isa = PBXFileReference; lastKnownFileType = sourcecode.swift; path = LoginView.swift; sourceTree = "<group>"; };
		332C4A202A028C8B00E4A37C /* RegisterView.swift */ = {isa = PBXFileReference; lastKnownFileType = sourcecode.swift; path = RegisterView.swift; sourceTree = "<group>"; };
		332C4A222A028C9D00E4A37C /* ToDoListItemView.swift */ = {isa = PBXFileReference; lastKnownFileType = sourcecode.swift; path = ToDoListItemView.swift; sourceTree = "<group>"; };
		332C4A252A028CC100E4A37C /* MainViewViewModel.swift */ = {isa = PBXFileReference; lastKnownFileType = sourcecode.swift; path = MainViewViewModel.swift; sourceTree = "<group>"; };
		332C4A272A028CD800E4A37C /* LoginViewViewModel.swift */ = {isa = PBXFileReference; lastKnownFileType = sourcecode.swift; path = LoginViewViewModel.swift; sourceTree = "<group>"; };
		332C4A292A028CE500E4A37C /* RegisterViewViewModel.swift */ = {isa = PBXFileReference; lastKnownFileType = sourcecode.swift; path = RegisterViewViewModel.swift; sourceTree = "<group>"; };
		332C4A2B2A028CEE00E4A37C /* ProfileViewViewModel.swift */ = {isa = PBXFileReference; lastKnownFileType = sourcecode.swift; path = ProfileViewViewModel.swift; sourceTree = "<group>"; };
		332C4A2D2A028D0900E4A37C /* NewItemViewViewModel.swift */ = {isa = PBXFileReference; lastKnownFileType = sourcecode.swift; path = NewItemViewViewModel.swift; sourceTree = "<group>"; };
		332C4A2F2A028D1B00E4A37C /* ToDoListViewViewModel.swift */ = {isa = PBXFileReference; lastKnownFileType = sourcecode.swift; path = ToDoListViewViewModel.swift; sourceTree = "<group>"; };
		332C4A312A02900700E4A37C /* HeaderView.swift */ = {isa = PBXFileReference; lastKnownFileType = sourcecode.swift; path = HeaderView.swift; sourceTree = "<group>"; };
		3335FE4E2A875EAA00217817 /* GoogleService-Info.plist */ = {isa = PBXFileReference; fileEncoding = 4; lastKnownFileType = text.plist.xml; path = "GoogleService-Info.plist"; sourceTree = "<group>"; };
		3335FE502A87998E00217817 /* Launch Screen.storyboard */ = {isa = PBXFileReference; lastKnownFileType = file.storyboard; path = "Launch Screen.storyboard"; sourceTree = "<group>"; };
		336FD3472A092D6E00D3B855 /* ToDoListItemViewViewModel.swift */ = {isa = PBXFileReference; lastKnownFileType = sourcecode.swift; path = ToDoListItemViewViewModel.swift; sourceTree = "<group>"; };
		33AB5B652A05310800204977 /* TDButton.swift */ = {isa = PBXFileReference; lastKnownFileType = sourcecode.swift; path = TDButton.swift; sourceTree = "<group>"; };
		33AF36842A07587B0010CFE1 /* Extensions.swift */ = {isa = PBXFileReference; lastKnownFileType = sourcecode.swift; path = Extensions.swift; sourceTree = "<group>"; };
/* End PBXFileReference section */

/* Begin PBXFrameworksBuildPhase section */
		332C49D52A02882000E4A37C /* Frameworks */ = {
			isa = PBXFrameworksBuildPhase;
			buildActionMask = 2147483647;
			files = (
				332C4A072A028A5B00E4A37C /* FirebaseAuth in Frameworks */,
				332C4A092A028A5B00E4A37C /* FirebaseFirestore in Frameworks */,
				332C4A0B2A028A5B00E4A37C /* FirebaseFirestoreSwift in Frameworks */,
			);
			runOnlyForDeploymentPostprocessing = 0;
		};
		332C49E52A02882200E4A37C /* Frameworks */ = {
			isa = PBXFrameworksBuildPhase;
			buildActionMask = 2147483647;
			files = (
			);
			runOnlyForDeploymentPostprocessing = 0;
		};
		332C49EF2A02882200E4A37C /* Frameworks */ = {
			isa = PBXFrameworksBuildPhase;
			buildActionMask = 2147483647;
			files = (
			);
			runOnlyForDeploymentPostprocessing = 0;
		};
/* End PBXFrameworksBuildPhase section */

/* Begin PBXGroup section */
		332C49CF2A02882000E4A37C = {
			isa = PBXGroup;
			children = (
				332C49DA2A02882000E4A37C /* ToDo */,
				332C49EB2A02882200E4A37C /* ToDoTests */,
				332C49F52A02882200E4A37C /* ToDoUITests */,
				332C49D92A02882000E4A37C /* Products */,
			);
			sourceTree = "<group>";
		};
		332C49D92A02882000E4A37C /* Products */ = {
			isa = PBXGroup;
			children = (
				332C49D82A02882000E4A37C /* ToDo.app */,
				332C49E82A02882200E4A37C /* ToDoTests.xctest */,
				332C49F22A02882200E4A37C /* ToDoUITests.xctest */,
			);
			name = Products;
			sourceTree = "<group>";
		};
		332C49DA2A02882000E4A37C /* ToDo */ = {
			isa = PBXGroup;
			children = (
				332C4A242A028CA700E4A37C /* ViewModels */,
				332C4A152A028B3100E4A37C /* Views */,
				332C4A0C2A028A7700E4A37C /* Others */,
				332C4A0F2A028AB600E4A37C /* Models */,
				332C49E12A02882200E4A37C /* Preview Content */,
			);
			path = ToDo;
			sourceTree = "<group>";
		};
		332C49E12A02882200E4A37C /* Preview Content */ = {
			isa = PBXGroup;
			children = (
				332C49E22A02882200E4A37C /* Preview Assets.xcassets */,
			);
			path = "Preview Content";
			sourceTree = "<group>";
		};
		332C49EB2A02882200E4A37C /* ToDoTests */ = {
			isa = PBXGroup;
			children = (
				332C49EC2A02882200E4A37C /* ToDoTests.swift */,
			);
			path = ToDoTests;
			sourceTree = "<group>";
		};
		332C49F52A02882200E4A37C /* ToDoUITests */ = {
			isa = PBXGroup;
			children = (
				332C49F62A02882200E4A37C /* ToDoUITests.swift */,
				332C49F82A02882200E4A37C /* ToDoUITestsLaunchTests.swift */,
			);
			path = ToDoUITests;
			sourceTree = "<group>";
		};
		332C4A0C2A028A7700E4A37C /* Others */ = {
			isa = PBXGroup;
			children = (
				3335FE4E2A875EAA00217817 /* GoogleService-Info.plist */,
				332C49DF2A02882200E4A37C /* Assets.xcassets */,
				332C49DB2A02882000E4A37C /* ToDoApp.swift */,
				33AF36842A07587B0010CFE1 /* Extensions.swift */,
				3335FE502A87998E00217817 /* Launch Screen.storyboard */,
			);
			path = Others;
			sourceTree = "<group>";
		};
		332C4A0F2A028AB600E4A37C /* Models */ = {
			isa = PBXGroup;
			children = (
				332C4A102A028AC400E4A37C /* User.swift */,
				332C4A132A028AEE00E4A37C /* ToDoListitem.swift */,
			);
			path = Models;
			sourceTree = "<group>";
		};
		332C4A152A028B3100E4A37C /* Views */ = {
			isa = PBXGroup;
			children = (
				332C49DD2A02882000E4A37C /* MainView.swift */,
				332C4A162A028B5600E4A37C /* ProfileView.swift */,
				332C4A1A2A028B7F00E4A37C /* NewItemView.swift */,
				332C4A1C2A028C6600E4A37C /* ToDoListView.swift */,
				332C4A1E2A028C8200E4A37C /* LoginView.swift */,
				332C4A202A028C8B00E4A37C /* RegisterView.swift */,
				332C4A222A028C9D00E4A37C /* ToDoListItemView.swift */,
				332C4A312A02900700E4A37C /* HeaderView.swift */,
				33AB5B652A05310800204977 /* TDButton.swift */,
			);
			path = Views;
			sourceTree = "<group>";
		};
		332C4A242A028CA700E4A37C /* ViewModels */ = {
			isa = PBXGroup;
			children = (
				332C4A252A028CC100E4A37C /* MainViewViewModel.swift */,
				332C4A272A028CD800E4A37C /* LoginViewViewModel.swift */,
				332C4A292A028CE500E4A37C /* RegisterViewViewModel.swift */,
				332C4A2B2A028CEE00E4A37C /* ProfileViewViewModel.swift */,
				332C4A2D2A028D0900E4A37C /* NewItemViewViewModel.swift */,
				332C4A2F2A028D1B00E4A37C /* ToDoListViewViewModel.swift */,
				336FD3472A092D6E00D3B855 /* ToDoListItemViewViewModel.swift */,
			);
			path = ViewModels;
			sourceTree = "<group>";
		};
/* End PBXGroup section */

/* Begin PBXNativeTarget section */
		332C49D72A02882000E4A37C /* ToDo */ = {
			isa = PBXNativeTarget;
			buildConfigurationList = 332C49FC2A02882200E4A37C /* Build configuration list for PBXNativeTarget "ToDo" */;
			buildPhases = (
				332C49D42A02882000E4A37C /* Sources */,
				332C49D52A02882000E4A37C /* Frameworks */,
				332C49D62A02882000E4A37C /* Resources */,
			);
			buildRules = (
			);
			dependencies = (
			);
			name = ToDo;
			packageProductDependencies = (
				332C4A062A028A5B00E4A37C /* FirebaseAuth */,
				332C4A082A028A5B00E4A37C /* FirebaseFirestore */,
				332C4A0A2A028A5B00E4A37C /* FirebaseFirestoreSwift */,
			);
			productName = ToDo;
			productReference = 332C49D82A02882000E4A37C /* ToDo.app */;
			productType = "com.apple.product-type.application";
		};
		332C49E72A02882200E4A37C /* ToDoTests */ = {
			isa = PBXNativeTarget;
			buildConfigurationList = 332C49FF2A02882200E4A37C /* Build configuration list for PBXNativeTarget "ToDoTests" */;
			buildPhases = (
				332C49E42A02882200E4A37C /* Sources */,
				332C49E52A02882200E4A37C /* Frameworks */,
				332C49E62A02882200E4A37C /* Resources */,
			);
			buildRules = (
			);
			dependencies = (
				332C49EA2A02882200E4A37C /* PBXTargetDependency */,
			);
			name = ToDoTests;
			productName = ToDoTests;
			productReference = 332C49E82A02882200E4A37C /* ToDoTests.xctest */;
			productType = "com.apple.product-type.bundle.unit-test";
		};
		332C49F12A02882200E4A37C /* ToDoUITests */ = {
			isa = PBXNativeTarget;
			buildConfigurationList = 332C4A022A02882200E4A37C /* Build configuration list for PBXNativeTarget "ToDoUITests" */;
			buildPhases = (
				332C49EE2A02882200E4A37C /* Sources */,
				332C49EF2A02882200E4A37C /* Frameworks */,
				332C49F02A02882200E4A37C /* Resources */,
			);
			buildRules = (
			);
			dependencies = (
				332C49F42A02882200E4A37C /* PBXTargetDependency */,
			);
			name = ToDoUITests;
			productName = ToDoUITests;
			productReference = 332C49F22A02882200E4A37C /* ToDoUITests.xctest */;
			productType = "com.apple.product-type.bundle.ui-testing";
		};
/* End PBXNativeTarget section */

/* Begin PBXProject section */
		332C49D02A02882000E4A37C /* Project object */ = {
			isa = PBXProject;
			attributes = {
				BuildIndependentTargetsInParallel = 1;
				LastSwiftUpdateCheck = 1430;
				LastUpgradeCheck = 1430;
				TargetAttributes = {
					332C49D72A02882000E4A37C = {
						CreatedOnToolsVersion = 14.3;
					};
					332C49E72A02882200E4A37C = {
						CreatedOnToolsVersion = 14.3;
						TestTargetID = 332C49D72A02882000E4A37C;
					};
					332C49F12A02882200E4A37C = {
						CreatedOnToolsVersion = 14.3;
						TestTargetID = 332C49D72A02882000E4A37C;
					};
				};
			};
			buildConfigurationList = 332C49D32A02882000E4A37C /* Build configuration list for PBXProject "ToDo" */;
			compatibilityVersion = "Xcode 14.0";
			developmentRegion = en;
			hasScannedForEncodings = 0;
			knownRegions = (
				en,
				Base,
			);
			mainGroup = 332C49CF2A02882000E4A37C;
			packageReferences = (
				332C4A052A028A5A00E4A37C /* XCRemoteSwiftPackageReference "firebase-ios-sdk" */,
			);
			productRefGroup = 332C49D92A02882000E4A37C /* Products */;
			projectDirPath = "";
			projectRoot = "";
			targets = (
				332C49D72A02882000E4A37C /* ToDo */,
				332C49E72A02882200E4A37C /* ToDoTests */,
				332C49F12A02882200E4A37C /* ToDoUITests */,
			);
		};
/* End PBXProject section */

/* Begin PBXResourcesBuildPhase section */
		332C49D62A02882000E4A37C /* Resources */ = {
			isa = PBXResourcesBuildPhase;
			buildActionMask = 2147483647;
			files = (
				332C49E32A02882200E4A37C /* Preview Assets.xcassets in Resources */,
				332C49E02A02882200E4A37C /* Assets.xcassets in Resources */,
				3335FE512A87998E00217817 /* Launch Screen.storyboard in Resources */,
				3335FE4F2A875EAA00217817 /* GoogleService-Info.plist in Resources */,
			);
			runOnlyForDeploymentPostprocessing = 0;
		};
		332C49E62A02882200E4A37C /* Resources */ = {
			isa = PBXResourcesBuildPhase;
			buildActionMask = 2147483647;
			files = (
			);
			runOnlyForDeploymentPostprocessing = 0;
		};
		332C49F02A02882200E4A37C /* Resources */ = {
			isa = PBXResourcesBuildPhase;
			buildActionMask = 2147483647;
			files = (
			);
			runOnlyForDeploymentPostprocessing = 0;
		};
/* End PBXResourcesBuildPhase section */

/* Begin PBXSourcesBuildPhase section */
		332C49D42A02882000E4A37C /* Sources */ = {
			isa = PBXSourcesBuildPhase;
			buildActionMask = 2147483647;
			files = (
				332C4A212A028C8B00E4A37C /* RegisterView.swift in Sources */,
				332C49DE2A02882000E4A37C /* MainView.swift in Sources */,
				336FD3482A092D6E00D3B855 /* ToDoListItemViewViewModel.swift in Sources */,
				332C4A262A028CC100E4A37C /* MainViewViewModel.swift in Sources */,
				332C49DC2A02882000E4A37C /* ToDoApp.swift in Sources */,
				332C4A1B2A028B7F00E4A37C /* NewItemView.swift in Sources */,
				332C4A172A028B5600E4A37C /* ProfileView.swift in Sources */,
				332C4A322A02900700E4A37C /* HeaderView.swift in Sources */,
				33AF36852A07587B0010CFE1 /* Extensions.swift in Sources */,
				332C4A232A028C9D00E4A37C /* ToDoListItemView.swift in Sources */,
				332C4A2A2A028CE500E4A37C /* RegisterViewViewModel.swift in Sources */,
				33AB5B662A05310800204977 /* TDButton.swift in Sources */,
				332C4A282A028CD800E4A37C /* LoginViewViewModel.swift in Sources */,
				332C4A142A028AEF00E4A37C /* ToDoListitem.swift in Sources */,
				332C4A112A028AC400E4A37C /* User.swift in Sources */,
				332C4A2C2A028CEE00E4A37C /* ProfileViewViewModel.swift in Sources */,
				332C4A2E2A028D0900E4A37C /* NewItemViewViewModel.swift in Sources */,
				332C4A1F2A028C8200E4A37C /* LoginView.swift in Sources */,
				332C4A1D2A028C6600E4A37C /* ToDoListView.swift in Sources */,
				332C4A302A028D1B00E4A37C /* ToDoListViewViewModel.swift in Sources */,
			);
			runOnlyForDeploymentPostprocessing = 0;
		};
		332C49E42A02882200E4A37C /* Sources */ = {
			isa = PBXSourcesBuildPhase;
			buildActionMask = 2147483647;
			files = (
				332C49ED2A02882200E4A37C /* ToDoTests.swift in Sources */,
			);
			runOnlyForDeploymentPostprocessing = 0;
		};
		332C49EE2A02882200E4A37C /* Sources */ = {
			isa = PBXSourcesBuildPhase;
			buildActionMask = 2147483647;
			files = (
				332C49F92A02882200E4A37C /* ToDoUITestsLaunchTests.swift in Sources */,
				332C49F72A02882200E4A37C /* ToDoUITests.swift in Sources */,
			);
			runOnlyForDeploymentPostprocessing = 0;
		};
/* End PBXSourcesBuildPhase section */

/* Begin PBXTargetDependency section */
		332C49EA2A02882200E4A37C /* PBXTargetDependency */ = {
			isa = PBXTargetDependency;
			target = 332C49D72A02882000E4A37C /* ToDo */;
			targetProxy = 332C49E92A02882200E4A37C /* PBXContainerItemProxy */;
		};
		332C49F42A02882200E4A37C /* PBXTargetDependency */ = {
			isa = PBXTargetDependency;
			target = 332C49D72A02882000E4A37C /* ToDo */;
			targetProxy = 332C49F32A02882200E4A37C /* PBXContainerItemProxy */;
		};
/* End PBXTargetDependency section */

/* Begin XCBuildConfiguration section */
		332C49FA2A02882200E4A37C /* Debug */ = {
			isa = XCBuildConfiguration;
			buildSettings = {
				ALWAYS_SEARCH_USER_PATHS = NO;
				CLANG_ANALYZER_NONNULL = YES;
				CLANG_ANALYZER_NUMBER_OBJECT_CONVERSION = YES_AGGRESSIVE;
				CLANG_CXX_LANGUAGE_STANDARD = "gnu++20";
				CLANG_ENABLE_MODULES = YES;
				CLANG_ENABLE_OBJC_ARC = YES;
				CLANG_ENABLE_OBJC_WEAK = YES;
				CLANG_WARN_BLOCK_CAPTURE_AUTORELEASING = YES;
				CLANG_WARN_BOOL_CONVERSION = YES;
				CLANG_WARN_COMMA = YES;
				CLANG_WARN_CONSTANT_CONVERSION = YES;
				CLANG_WARN_DEPRECATED_OBJC_IMPLEMENTATIONS = YES;
				CLANG_WARN_DIRECT_OBJC_ISA_USAGE = YES_ERROR;
				CLANG_WARN_DOCUMENTATION_COMMENTS = YES;
				CLANG_WARN_EMPTY_BODY = YES;
				CLANG_WARN_ENUM_CONVERSION = YES;
				CLANG_WARN_INFINITE_RECURSION = YES;
				CLANG_WARN_INT_CONVERSION = YES;
				CLANG_WARN_NON_LITERAL_NULL_CONVERSION = YES;
				CLANG_WARN_OBJC_IMPLICIT_RETAIN_SELF = YES;
				CLANG_WARN_OBJC_LITERAL_CONVERSION = YES;
				CLANG_WARN_OBJC_ROOT_CLASS = YES_ERROR;
				CLANG_WARN_QUOTED_INCLUDE_IN_FRAMEWORK_HEADER = YES;
				CLANG_WARN_RANGE_LOOP_ANALYSIS = YES;
				CLANG_WARN_STRICT_PROTOTYPES = YES;
				CLANG_WARN_SUSPICIOUS_MOVE = YES;
				CLANG_WARN_UNGUARDED_AVAILABILITY = YES_AGGRESSIVE;
				CLANG_WARN_UNREACHABLE_CODE = YES;
				CLANG_WARN__DUPLICATE_METHOD_MATCH = YES;
				COPY_PHASE_STRIP = NO;
				DEBUG_INFORMATION_FORMAT = dwarf;
				ENABLE_STRICT_OBJC_MSGSEND = YES;
				ENABLE_TESTABILITY = YES;
				GCC_C_LANGUAGE_STANDARD = gnu11;
				GCC_DYNAMIC_NO_PIC = NO;
				GCC_NO_COMMON_BLOCKS = YES;
				GCC_OPTIMIZATION_LEVEL = 0;
				GCC_PREPROCESSOR_DEFINITIONS = (
					"DEBUG=1",
					"$(inherited)",
				);
				GCC_WARN_64_TO_32_BIT_CONVERSION = YES;
				GCC_WARN_ABOUT_RETURN_TYPE = YES_ERROR;
				GCC_WARN_UNDECLARED_SELECTOR = YES;
				GCC_WARN_UNINITIALIZED_AUTOS = YES_AGGRESSIVE;
				GCC_WARN_UNUSED_FUNCTION = YES;
				GCC_WARN_UNUSED_VARIABLE = YES;
				IPHONEOS_DEPLOYMENT_TARGET = 16.4;
				MTL_ENABLE_DEBUG_INFO = INCLUDE_SOURCE;
				MTL_FAST_MATH = YES;
				ONLY_ACTIVE_ARCH = YES;
				SDKROOT = iphoneos;
				SWIFT_ACTIVE_COMPILATION_CONDITIONS = DEBUG;
				SWIFT_OPTIMIZATION_LEVEL = "-Onone";
			};
			name = Debug;
		};
		332C49FB2A02882200E4A37C /* Release */ = {
			isa = XCBuildConfiguration;
			buildSettings = {
				ALWAYS_SEARCH_USER_PATHS = NO;
				CLANG_ANALYZER_NONNULL = YES;
				CLANG_ANALYZER_NUMBER_OBJECT_CONVERSION = YES_AGGRESSIVE;
				CLANG_CXX_LANGUAGE_STANDARD = "gnu++20";
				CLANG_ENABLE_MODULES = YES;
				CLANG_ENABLE_OBJC_ARC = YES;
				CLANG_ENABLE_OBJC_WEAK = YES;
				CLANG_WARN_BLOCK_CAPTURE_AUTORELEASING = YES;
				CLANG_WARN_BOOL_CONVERSION = YES;
				CLANG_WARN_COMMA = YES;
				CLANG_WARN_CONSTANT_CONVERSION = YES;
				CLANG_WARN_DEPRECATED_OBJC_IMPLEMENTATIONS = YES;
				CLANG_WARN_DIRECT_OBJC_ISA_USAGE = YES_ERROR;
				CLANG_WARN_DOCUMENTATION_COMMENTS = YES;
				CLANG_WARN_EMPTY_BODY = YES;
				CLANG_WARN_ENUM_CONVERSION = YES;
				CLANG_WARN_INFINITE_RECURSION = YES;
				CLANG_WARN_INT_CONVERSION = YES;
				CLANG_WARN_NON_LITERAL_NULL_CONVERSION = YES;
				CLANG_WARN_OBJC_IMPLICIT_RETAIN_SELF = YES;
				CLANG_WARN_OBJC_LITERAL_CONVERSION = YES;
				CLANG_WARN_OBJC_ROOT_CLASS = YES_ERROR;
				CLANG_WARN_QUOTED_INCLUDE_IN_FRAMEWORK_HEADER = YES;
				CLANG_WARN_RANGE_LOOP_ANALYSIS = YES;
				CLANG_WARN_STRICT_PROTOTYPES = YES;
				CLANG_WARN_SUSPICIOUS_MOVE = YES;
				CLANG_WARN_UNGUARDED_AVAILABILITY = YES_AGGRESSIVE;
				CLANG_WARN_UNREACHABLE_CODE = YES;
				CLANG_WARN__DUPLICATE_METHOD_MATCH = YES;
				COPY_PHASE_STRIP = NO;
				DEBUG_INFORMATION_FORMAT = "dwarf-with-dsym";
				ENABLE_NS_ASSERTIONS = NO;
				ENABLE_STRICT_OBJC_MSGSEND = YES;
				GCC_C_LANGUAGE_STANDARD = gnu11;
				GCC_NO_COMMON_BLOCKS = YES;
				GCC_WARN_64_TO_32_BIT_CONVERSION = YES;
				GCC_WARN_ABOUT_RETURN_TYPE = YES_ERROR;
				GCC_WARN_UNDECLARED_SELECTOR = YES;
				GCC_WARN_UNINITIALIZED_AUTOS = YES_AGGRESSIVE;
				GCC_WARN_UNUSED_FUNCTION = YES;
				GCC_WARN_UNUSED_VARIABLE = YES;
				IPHONEOS_DEPLOYMENT_TARGET = 16.4;
				MTL_ENABLE_DEBUG_INFO = NO;
				MTL_FAST_MATH = YES;
				SDKROOT = iphoneos;
				SWIFT_COMPILATION_MODE = wholemodule;
				SWIFT_OPTIMIZATION_LEVEL = "-O";
				VALIDATE_PRODUCT = YES;
			};
			name = Release;
		};
		332C49FD2A02882200E4A37C /* Debug */ = {
			isa = XCBuildConfiguration;
			buildSettings = {
				ASSETCATALOG_COMPILER_APPICON_NAME = AppIcon;
				ASSETCATALOG_COMPILER_GLOBAL_ACCENT_COLOR_NAME = AccentColor;
				CODE_SIGN_STYLE = Automatic;
				CURRENT_PROJECT_VERSION = 1;
				DEVELOPMENT_ASSET_PATHS = "\"ToDo/Preview Content\"";
				DEVELOPMENT_TEAM = 8657VQ2MUK;
				ENABLE_PREVIEWS = YES;
				GENERATE_INFOPLIST_FILE = YES;
				INFOPLIST_KEY_CFBundleDisplayName = "ToDo List";
				INFOPLIST_KEY_UIApplicationSceneManifest_Generation = YES;
				INFOPLIST_KEY_UIApplicationSupportsIndirectInputEvents = YES;
				INFOPLIST_KEY_UILaunchScreen_Generation = YES;
				INFOPLIST_KEY_UILaunchStoryboardName = "Launch Screen.storyboard";
				INFOPLIST_KEY_UISupportedInterfaceOrientations_iPad = "UIInterfaceOrientationPortrait UIInterfaceOrientationPortraitUpsideDown UIInterfaceOrientationLandscapeLeft UIInterfaceOrientationLandscapeRight";
				INFOPLIST_KEY_UISupportedInterfaceOrientations_iPhone = "UIInterfaceOrientationPortrait UIInterfaceOrientationLandscapeLeft UIInterfaceOrientationLandscapeRight";
				LD_RUNPATH_SEARCH_PATHS = (
					"$(inherited)",
					"@executable_path/Frameworks",
				);
				MARKETING_VERSION = 1.0;
				PRODUCT_BUNDLE_IDENTIFIER = mac.ToDo;
				PRODUCT_NAME = "$(TARGET_NAME)";
				SWIFT_EMIT_LOC_STRINGS = YES;
				SWIFT_VERSION = 5.0;
				TARGETED_DEVICE_FAMILY = "1,2";
			};
			name = Debug;
		};
		332C49FE2A02882200E4A37C /* Release */ = {
			isa = XCBuildConfiguration;
			buildSettings = {
				ASSETCATALOG_COMPILER_APPICON_NAME = AppIcon;
				ASSETCATALOG_COMPILER_GLOBAL_ACCENT_COLOR_NAME = AccentColor;
				CODE_SIGN_STYLE = Automatic;
				CURRENT_PROJECT_VERSION = 1;
				DEVELOPMENT_ASSET_PATHS = "\"ToDo/Preview Content\"";
				DEVELOPMENT_TEAM = 8657VQ2MUK;
				ENABLE_PREVIEWS = YES;
				GENERATE_INFOPLIST_FILE = YES;
				INFOPLIST_KEY_CFBundleDisplayName = "ToDo List";
				INFOPLIST_KEY_UIApplicationSceneManifest_Generation = YES;
				INFOPLIST_KEY_UIApplicationSupportsIndirectInputEvents = YES;
				INFOPLIST_KEY_UILaunchScreen_Generation = YES;
				INFOPLIST_KEY_UILaunchStoryboardName = "Launch Screen.storyboard";
				INFOPLIST_KEY_UISupportedInterfaceOrientations_iPad = "UIInterfaceOrientationPortrait UIInterfaceOrientationPortraitUpsideDown UIInterfaceOrientationLandscapeLeft UIInterfaceOrientationLandscapeRight";
				INFOPLIST_KEY_UISupportedInterfaceOrientations_iPhone = "UIInterfaceOrientationPortrait UIInterfaceOrientationLandscapeLeft UIInterfaceOrientationLandscapeRight";
				LD_RUNPATH_SEARCH_PATHS = (
					"$(inherited)",
					"@executable_path/Frameworks",
				);
				MARKETING_VERSION = 1.0;
				PRODUCT_BUNDLE_IDENTIFIER = mac.ToDo;
				PRODUCT_NAME = "$(TARGET_NAME)";
				SWIFT_EMIT_LOC_STRINGS = YES;
				SWIFT_VERSION = 5.0;
				TARGETED_DEVICE_FAMILY = "1,2";
			};
			name = Release;
		};
		332C4A002A02882200E4A37C /* Debug */ = {
			isa = XCBuildConfiguration;
			buildSettings = {
				ALWAYS_EMBED_SWIFT_STANDARD_LIBRARIES = YES;
				BUNDLE_LOADER = "$(TEST_HOST)";
				CODE_SIGN_STYLE = Automatic;
				CURRENT_PROJECT_VERSION = 1;
				DEVELOPMENT_TEAM = 8657VQ2MUK;
				GENERATE_INFOPLIST_FILE = YES;
				IPHONEOS_DEPLOYMENT_TARGET = 16.4;
				MARKETING_VERSION = 1.0;
				PRODUCT_BUNDLE_IDENTIFIER = mac.ToDoTests;
				PRODUCT_NAME = "$(TARGET_NAME)";
				SWIFT_EMIT_LOC_STRINGS = NO;
				SWIFT_VERSION = 5.0;
				TARGETED_DEVICE_FAMILY = "1,2";
				TEST_HOST = "$(BUILT_PRODUCTS_DIR)/ToDo.app/$(BUNDLE_EXECUTABLE_FOLDER_PATH)/ToDo";
			};
			name = Debug;
		};
		332C4A012A02882200E4A37C /* Release */ = {
			isa = XCBuildConfiguration;
			buildSettings = {
				ALWAYS_EMBED_SWIFT_STANDARD_LIBRARIES = YES;
				BUNDLE_LOADER = "$(TEST_HOST)";
				CODE_SIGN_STYLE = Automatic;
				CURRENT_PROJECT_VERSION = 1;
				DEVELOPMENT_TEAM = 8657VQ2MUK;
				GENERATE_INFOPLIST_FILE = YES;
				IPHONEOS_DEPLOYMENT_TARGET = 16.4;
				MARKETING_VERSION = 1.0;
				PRODUCT_BUNDLE_IDENTIFIER = mac.ToDoTests;
				PRODUCT_NAME = "$(TARGET_NAME)";
				SWIFT_EMIT_LOC_STRINGS = NO;
				SWIFT_VERSION = 5.0;
				TARGETED_DEVICE_FAMILY = "1,2";
				TEST_HOST = "$(BUILT_PRODUCTS_DIR)/ToDo.app/$(BUNDLE_EXECUTABLE_FOLDER_PATH)/ToDo";
			};
			name = Release;
		};
		332C4A032A02882200E4A37C /* Debug */ = {
			isa = XCBuildConfiguration;
			buildSettings = {
				ALWAYS_EMBED_SWIFT_STANDARD_LIBRARIES = YES;
				CODE_SIGN_STYLE = Automatic;
				CURRENT_PROJECT_VERSION = 1;
				DEVELOPMENT_TEAM = 8657VQ2MUK;
				GENERATE_INFOPLIST_FILE = YES;
				MARKETING_VERSION = 1.0;
				PRODUCT_BUNDLE_IDENTIFIER = mac.ToDoUITests;
				PRODUCT_NAME = "$(TARGET_NAME)";
				SWIFT_EMIT_LOC_STRINGS = NO;
				SWIFT_VERSION = 5.0;
				TARGETED_DEVICE_FAMILY = "1,2";
				TEST_TARGET_NAME = ToDo;
			};
			name = Debug;
		};
		332C4A042A02882200E4A37C /* Release */ = {
			isa = XCBuildConfiguration;
			buildSettings = {
				ALWAYS_EMBED_SWIFT_STANDARD_LIBRARIES = YES;
				CODE_SIGN_STYLE = Automatic;
				CURRENT_PROJECT_VERSION = 1;
				DEVELOPMENT_TEAM = 8657VQ2MUK;
				GENERATE_INFOPLIST_FILE = YES;
				MARKETING_VERSION = 1.0;
				PRODUCT_BUNDLE_IDENTIFIER = mac.ToDoUITests;
				PRODUCT_NAME = "$(TARGET_NAME)";
				SWIFT_EMIT_LOC_STRINGS = NO;
				SWIFT_VERSION = 5.0;
				TARGETED_DEVICE_FAMILY = "1,2";
				TEST_TARGET_NAME = ToDo;
			};
			name = Release;
		};
/* End XCBuildConfiguration section */

/* Begin XCConfigurationList section */
		332C49D32A02882000E4A37C /* Build configuration list for PBXProject "ToDo" */ = {
			isa = XCConfigurationList;
			buildConfigurations = (
				332C49FA2A02882200E4A37C /* Debug */,
				332C49FB2A02882200E4A37C /* Release */,
			);
			defaultConfigurationIsVisible = 0;
			defaultConfigurationName = Release;
		};
		332C49FC2A02882200E4A37C /* Build configuration list for PBXNativeTarget "ToDo" */ = {
			isa = XCConfigurationList;
			buildConfigurations = (
				332C49FD2A02882200E4A37C /* Debug */,
				332C49FE2A02882200E4A37C /* Release */,
			);
			defaultConfigurationIsVisible = 0;
			defaultConfigurationName = Release;
		};
		332C49FF2A02882200E4A37C /* Build configuration list for PBXNativeTarget "ToDoTests" */ = {
			isa = XCConfigurationList;
			buildConfigurations = (
				332C4A002A02882200E4A37C /* Debug */,
				332C4A012A02882200E4A37C /* Release */,
			);
			defaultConfigurationIsVisible = 0;
			defaultConfigurationName = Release;
		};
		332C4A022A02882200E4A37C /* Build configuration list for PBXNativeTarget "ToDoUITests" */ = {
			isa = XCConfigurationList;
			buildConfigurations = (
				332C4A032A02882200E4A37C /* Debug */,
				332C4A042A02882200E4A37C /* Release */,
			);
			defaultConfigurationIsVisible = 0;
			defaultConfigurationName = Release;
		};
/* End XCConfigurationList section */

/* Begin XCRemoteSwiftPackageReference section */
		332C4A052A028A5A00E4A37C /* XCRemoteSwiftPackageReference "firebase-ios-sdk" */ = {
			isa = XCRemoteSwiftPackageReference;
			repositoryURL = "https://github.com/firebase/firebase-ios-sdk";
			requirement = {
				kind = upToNextMajorVersion;
				minimumVersion = 10.0.0;
			};
		};
/* End XCRemoteSwiftPackageReference section */

/* Begin XCSwiftPackageProductDependency section */
		332C4A062A028A5B00E4A37C /* FirebaseAuth */ = {
			isa = XCSwiftPackageProductDependency;
			package = 332C4A052A028A5A00E4A37C /* XCRemoteSwiftPackageReference "firebase-ios-sdk" */;
			productName = FirebaseAuth;
		};
		332C4A082A028A5B00E4A37C /* FirebaseFirestore */ = {
			isa = XCSwiftPackageProductDependency;
			package = 332C4A052A028A5A00E4A37C /* XCRemoteSwiftPackageReference "firebase-ios-sdk" */;
			productName = FirebaseFirestore;
		};
		332C4A0A2A028A5B00E4A37C /* FirebaseFirestoreSwift */ = {
			isa = XCSwiftPackageProductDependency;
			package = 332C4A052A028A5A00E4A37C /* XCRemoteSwiftPackageReference "firebase-ios-sdk" */;
			productName = FirebaseFirestoreSwift;
		};
/* End XCSwiftPackageProductDependency section */
	};
	rootObject = 332C49D02A02882000E4A37C /* Project object */;
}
