// !$*UTF8*$!
{
	archiveVersion = 1;
	classes = {
	};
	objectVersion = 56;
	objects = {

/* Begin PBXBuildFile section */
		332C49772A02782E00E4A37C /* ToDoApp.swift in Sources */ = {isa = PBXBuildFile; fileRef = 332C49762A02782E00E4A37C /* ToDoApp.swift */; };
		332C49792A02782E00E4A37C /* MainView.swift in Sources */ = {isa = PBXBuildFile; fileRef = 332C49782A02782E00E4A37C /* MainView.swift */; };
		332C497B2A02783000E4A37C /* Assets.xcassets in Resources */ = {isa = PBXBuildFile; fileRef = 332C497A2A02783000E4A37C /* Assets.xcassets */; };
		332C497E2A02783000E4A37C /* Preview Assets.xcassets in Resources */ = {isa = PBXBuildFile; fileRef = 332C497D2A02783000E4A37C /* Preview Assets.xcassets */; };
		332C49882A02783000E4A37C /* ToDoTests.swift in Sources */ = {isa = PBXBuildFile; fileRef = 332C49872A02783000E4A37C /* ToDoTests.swift */; };
		332C49922A02783000E4A37C /* ToDoUITests.swift in Sources */ = {isa = PBXBuildFile; fileRef = 332C49912A02783000E4A37C /* ToDoUITests.swift */; };
		332C49942A02783000E4A37C /* ToDoUITestsLaunchTests.swift in Sources */ = {isa = PBXBuildFile; fileRef = 332C49932A02783000E4A37C /* ToDoUITestsLaunchTests.swift */; };
		332C49A42A027A3C00E4A37C /* FirebaseAnalytics in Frameworks */ = {isa = PBXBuildFile; productRef = 332C49A32A027A3C00E4A37C /* FirebaseAnalytics */; };
		332C49A62A027A3C00E4A37C /* FirebaseAnalyticsWithoutAdIdSupport in Frameworks */ = {isa = PBXBuildFile; productRef = 332C49A52A027A3C00E4A37C /* FirebaseAnalyticsWithoutAdIdSupport */; };
		332C49AF2A027E5700E4A37C /* ProfileView.swift in Sources */ = {isa = PBXBuildFile; fileRef = 332C49AE2A027E5700E4A37C /* ProfileView.swift */; };
		332C49B12A027E8800E4A37C /* ToDoListitemsView.swift in Sources */ = {isa = PBXBuildFile; fileRef = 332C49B02A027E8800E4A37C /* ToDoListitemsView.swift */; };
		332C49B32A027E9D00E4A37C /* NewitemView.swift in Sources */ = {isa = PBXBuildFile; fileRef = 332C49B22A027E9D00E4A37C /* NewitemView.swift */; };
		332C49B52A027EB800E4A37C /* LoginView.swift in Sources */ = {isa = PBXBuildFile; fileRef = 332C49B42A027EB800E4A37C /* LoginView.swift */; };
		332C49B72A027EC300E4A37C /* RegisterView.swift in Sources */ = {isa = PBXBuildFile; fileRef = 332C49B62A027EC300E4A37C /* RegisterView.swift */; };
		332C49B92A027F4C00E4A37C /* ToDoListitemView.swift in Sources */ = {isa = PBXBuildFile; fileRef = 332C49B82A027F4C00E4A37C /* ToDoListitemView.swift */; };
		332C49BC2A027F8700E4A37C /* Users.swift in Sources */ = {isa = PBXBuildFile; fileRef = 332C49BB2A027F8700E4A37C /* Users.swift */; };
		332C49BE2A027FA200E4A37C /* ToDoListitem.swift in Sources */ = {isa = PBXBuildFile; fileRef = 332C49BD2A027FA200E4A37C /* ToDoListitem.swift */; };
		332C49C02A027FEC00E4A37C /* MainViewViewModel.swift in Sources */ = {isa = PBXBuildFile; fileRef = 332C49BF2A027FEC00E4A37C /* MainViewViewModel.swift */; };
		332C49C22A027FFA00E4A37C /* ProfileViewViewModel.swift in Sources */ = {isa = PBXBuildFile; fileRef = 332C49C12A027FFA00E4A37C /* ProfileViewViewModel.swift */; };
		332C49C42A02801800E4A37C /* ToDoListViewViewModel.swift in Sources */ = {isa = PBXBuildFile; fileRef = 332C49C32A02801800E4A37C /* ToDoListViewViewModel.swift */; };
		332C49C62A02802A00E4A37C /* NewitemViewViewModel.swift in Sources */ = {isa = PBXBuildFile; fileRef = 332C49C52A02802A00E4A37C /* NewitemViewViewModel.swift */; };
		332C49C82A02803400E4A37C /* LoginViewViewModel.swift in Sources */ = {isa = PBXBuildFile; fileRef = 332C49C72A02803400E4A37C /* LoginViewViewModel.swift */; };
		332C49CA2A02804000E4A37C /* RegisterViewViewModel.swift in Sources */ = {isa = PBXBuildFile; fileRef = 332C49C92A02804000E4A37C /* RegisterViewViewModel.swift */; };
		332C49CC2A02805A00E4A37C /* ToDoListitemViewViewModel.swift in Sources */ = {isa = PBXBuildFile; fileRef = 332C49CB2A02805A00E4A37C /* ToDoListitemViewViewModel.swift */; };
		332C49CE2A02857400E4A37C /* HeaderView.swift in Sources */ = {isa = PBXBuildFile; fileRef = 332C49CD2A02857400E4A37C /* HeaderView.swift */; };
/* End PBXBuildFile section */

/* Begin PBXContainerItemProxy section */
		332C49842A02783000E4A37C /* PBXContainerItemProxy */ = {
			isa = PBXContainerItemProxy;
			containerPortal = 332C496B2A02782E00E4A37C /* Project object */;
			proxyType = 1;
			remoteGlobalIDString = 332C49722A02782E00E4A37C;
			remoteInfo = ToDo;
		};
		332C498E2A02783000E4A37C /* PBXContainerItemProxy */ = {
			isa = PBXContainerItemProxy;
			containerPortal = 332C496B2A02782E00E4A37C /* Project object */;
			proxyType = 1;
			remoteGlobalIDString = 332C49722A02782E00E4A37C;
			remoteInfo = ToDo;
		};
/* End PBXContainerItemProxy section */

/* Begin PBXFileReference section */
		332C49732A02782E00E4A37C /* ToDo.app */ = {isa = PBXFileReference; explicitFileType = wrapper.application; includeInIndex = 0; path = ToDo.app; sourceTree = BUILT_PRODUCTS_DIR; };
		332C49762A02782E00E4A37C /* ToDoApp.swift */ = {isa = PBXFileReference; lastKnownFileType = sourcecode.swift; path = ToDoApp.swift; sourceTree = "<group>"; };
		332C49782A02782E00E4A37C /* MainView.swift */ = {isa = PBXFileReference; lastKnownFileType = sourcecode.swift; path = MainView.swift; sourceTree = "<group>"; };
		332C497A2A02783000E4A37C /* Assets.xcassets */ = {isa = PBXFileReference; lastKnownFileType = folder.assetcatalog; path = Assets.xcassets; sourceTree = "<group>"; };
		332C497D2A02783000E4A37C /* Preview Assets.xcassets */ = {isa = PBXFileReference; lastKnownFileType = folder.assetcatalog; path = "Preview Assets.xcassets"; sourceTree = "<group>"; };
		332C49832A02783000E4A37C /* ToDoTests.xctest */ = {isa = PBXFileReference; explicitFileType = wrapper.cfbundle; includeInIndex = 0; path = ToDoTests.xctest; sourceTree = BUILT_PRODUCTS_DIR; };
		332C49872A02783000E4A37C /* ToDoTests.swift */ = {isa = PBXFileReference; lastKnownFileType = sourcecode.swift; path = ToDoTests.swift; sourceTree = "<group>"; };
		332C498D2A02783000E4A37C /* ToDoUITests.xctest */ = {isa = PBXFileReference; explicitFileType = wrapper.cfbundle; includeInIndex = 0; path = ToDoUITests.xctest; sourceTree = BUILT_PRODUCTS_DIR; };
		332C49912A02783000E4A37C /* ToDoUITests.swift */ = {isa = PBXFileReference; lastKnownFileType = sourcecode.swift; path = ToDoUITests.swift; sourceTree = "<group>"; };
		332C49932A02783000E4A37C /* ToDoUITestsLaunchTests.swift */ = {isa = PBXFileReference; lastKnownFileType = sourcecode.swift; path = ToDoUITestsLaunchTests.swift; sourceTree = "<group>"; };
		332C49AD2A027D3800E4A37C /* GoogleService-Info.plist */ = {isa = PBXFileReference; lastKnownFileType = text.plist.xml; path = "GoogleService-Info.plist"; sourceTree = "<group>"; };
		332C49AE2A027E5700E4A37C /* ProfileView.swift */ = {isa = PBXFileReference; lastKnownFileType = sourcecode.swift; path = ProfileView.swift; sourceTree = "<group>"; };
		332C49B02A027E8800E4A37C /* ToDoListitemsView.swift */ = {isa = PBXFileReference; lastKnownFileType = sourcecode.swift; path = ToDoListitemsView.swift; sourceTree = "<group>"; };
		332C49B22A027E9D00E4A37C /* NewitemView.swift */ = {isa = PBXFileReference; lastKnownFileType = sourcecode.swift; path = NewitemView.swift; sourceTree = "<group>"; };
		332C49B42A027EB800E4A37C /* LoginView.swift */ = {isa = PBXFileReference; lastKnownFileType = sourcecode.swift; path = LoginView.swift; sourceTree = "<group>"; };
		332C49B62A027EC300E4A37C /* RegisterView.swift */ = {isa = PBXFileReference; lastKnownFileType = sourcecode.swift; path = RegisterView.swift; sourceTree = "<group>"; };
		332C49B82A027F4C00E4A37C /* ToDoListitemView.swift */ = {isa = PBXFileReference; lastKnownFileType = sourcecode.swift; path = ToDoListitemView.swift; sourceTree = "<group>"; };
		332C49BB2A027F8700E4A37C /* Users.swift */ = {isa = PBXFileReference; lastKnownFileType = sourcecode.swift; path = Users.swift; sourceTree = "<group>"; };
		332C49BD2A027FA200E4A37C /* ToDoListitem.swift */ = {isa = PBXFileReference; lastKnownFileType = sourcecode.swift; path = ToDoListitem.swift; sourceTree = "<group>"; };
		332C49BF2A027FEC00E4A37C /* MainViewViewModel.swift */ = {isa = PBXFileReference; lastKnownFileType = sourcecode.swift; path = MainViewViewModel.swift; sourceTree = "<group>"; };
		332C49C12A027FFA00E4A37C /* ProfileViewViewModel.swift */ = {isa = PBXFileReference; lastKnownFileType = sourcecode.swift; path = ProfileViewViewModel.swift; sourceTree = "<group>"; };
		332C49C32A02801800E4A37C /* ToDoListViewViewModel.swift */ = {isa = PBXFileReference; lastKnownFileType = sourcecode.swift; path = ToDoListViewViewModel.swift; sourceTree = "<group>"; };
		332C49C52A02802A00E4A37C /* NewitemViewViewModel.swift */ = {isa = PBXFileReference; lastKnownFileType = sourcecode.swift; path = NewitemViewViewModel.swift; sourceTree = "<group>"; };
		332C49C72A02803400E4A37C /* LoginViewViewModel.swift */ = {isa = PBXFileReference; lastKnownFileType = sourcecode.swift; path = LoginViewViewModel.swift; sourceTree = "<group>"; };
		332C49C92A02804000E4A37C /* RegisterViewViewModel.swift */ = {isa = PBXFileReference; lastKnownFileType = sourcecode.swift; path = RegisterViewViewModel.swift; sourceTree = "<group>"; };
		332C49CB2A02805A00E4A37C /* ToDoListitemViewViewModel.swift */ = {isa = PBXFileReference; lastKnownFileType = sourcecode.swift; path = ToDoListitemViewViewModel.swift; sourceTree = "<group>"; };
		332C49CD2A02857400E4A37C /* HeaderView.swift */ = {isa = PBXFileReference; lastKnownFileType = sourcecode.swift; path = HeaderView.swift; sourceTree = "<group>"; };
/* End PBXFileReference section */

/* Begin PBXFrameworksBuildPhase section */
		332C49702A02782E00E4A37C /* Frameworks */ = {
			isa = PBXFrameworksBuildPhase;
			buildActionMask = 2147483647;
			files = (
				332C49A42A027A3C00E4A37C /* FirebaseAnalytics in Frameworks */,
				332C49A62A027A3C00E4A37C /* FirebaseAnalyticsWithoutAdIdSupport in Frameworks */,
			);
			runOnlyForDeploymentPostprocessing = 0;
		};
		332C49802A02783000E4A37C /* Frameworks */ = {
			isa = PBXFrameworksBuildPhase;
			buildActionMask = 2147483647;
			files = (
			);
			runOnlyForDeploymentPostprocessing = 0;
		};
		332C498A2A02783000E4A37C /* Frameworks */ = {
			isa = PBXFrameworksBuildPhase;
			buildActionMask = 2147483647;
			files = (
			);
			runOnlyForDeploymentPostprocessing = 0;
		};
/* End PBXFrameworksBuildPhase section */

/* Begin PBXGroup section */
		332C496A2A02782E00E4A37C = {
			isa = PBXGroup;
			children = (
				332C49752A02782E00E4A37C /* ToDo */,
				332C49862A02783000E4A37C /* ToDoTests */,
				332C49902A02783000E4A37C /* ToDoUITests */,
				332C49742A02782E00E4A37C /* Products */,
			);
			sourceTree = "<group>";
		};
		332C49742A02782E00E4A37C /* Products */ = {
			isa = PBXGroup;
			children = (
				332C49732A02782E00E4A37C /* ToDo.app */,
				332C49832A02783000E4A37C /* ToDoTests.xctest */,
				332C498D2A02783000E4A37C /* ToDoUITests.xctest */,
			);
			name = Products;
			sourceTree = "<group>";
		};
		332C49752A02782E00E4A37C /* ToDo */ = {
			isa = PBXGroup;
			children = (
				332C49AC2A027D1E00E4A37C /* Other */,
				332C49AB2A027D0C00E4A37C /* Models */,
				332C49AA2A027CF600E4A37C /* ViewModels */,
				332C49A92A027CE500E4A37C /* Views */,
				332C497C2A02783000E4A37C /* Preview Content */,
			);
			path = ToDo;
			sourceTree = "<group>";
		};
		332C497C2A02783000E4A37C /* Preview Content */ = {
			isa = PBXGroup;
			children = (
				332C497D2A02783000E4A37C /* Preview Assets.xcassets */,
			);
			path = "Preview Content";
			sourceTree = "<group>";
		};
		332C49862A02783000E4A37C /* ToDoTests */ = {
			isa = PBXGroup;
			children = (
				332C49872A02783000E4A37C /* ToDoTests.swift */,
			);
			path = ToDoTests;
			sourceTree = "<group>";
		};
		332C49902A02783000E4A37C /* ToDoUITests */ = {
			isa = PBXGroup;
			children = (
				332C49912A02783000E4A37C /* ToDoUITests.swift */,
				332C49932A02783000E4A37C /* ToDoUITestsLaunchTests.swift */,
			);
			path = ToDoUITests;
			sourceTree = "<group>";
		};
		332C49A92A027CE500E4A37C /* Views */ = {
			isa = PBXGroup;
			children = (
				332C49782A02782E00E4A37C /* MainView.swift */,
				332C49AE2A027E5700E4A37C /* ProfileView.swift */,
				332C49B02A027E8800E4A37C /* ToDoListitemsView.swift */,
				332C49B22A027E9D00E4A37C /* NewitemView.swift */,
				332C49B42A027EB800E4A37C /* LoginView.swift */,
				332C49B62A027EC300E4A37C /* RegisterView.swift */,
				332C49B82A027F4C00E4A37C /* ToDoListitemView.swift */,
				332C49CD2A02857400E4A37C /* HeaderView.swift */,
			);
			path = Views;
			sourceTree = "<group>";
		};
		332C49AA2A027CF600E4A37C /* ViewModels */ = {
			isa = PBXGroup;
			children = (
				332C49BF2A027FEC00E4A37C /* MainViewViewModel.swift */,
				332C49C12A027FFA00E4A37C /* ProfileViewViewModel.swift */,
				332C49C32A02801800E4A37C /* ToDoListViewViewModel.swift */,
				332C49C52A02802A00E4A37C /* NewitemViewViewModel.swift */,
				332C49C72A02803400E4A37C /* LoginViewViewModel.swift */,
				332C49C92A02804000E4A37C /* RegisterViewViewModel.swift */,
				332C49CB2A02805A00E4A37C /* ToDoListitemViewViewModel.swift */,
			);
			path = ViewModels;
			sourceTree = "<group>";
		};
		332C49AB2A027D0C00E4A37C /* Models */ = {
			isa = PBXGroup;
			children = (
				332C49BB2A027F8700E4A37C /* Users.swift */,
				332C49BD2A027FA200E4A37C /* ToDoListitem.swift */,
			);
			path = Models;
			sourceTree = "<group>";
		};
		332C49AC2A027D1E00E4A37C /* Other */ = {
			isa = PBXGroup;
			children = (
				332C49AD2A027D3800E4A37C /* GoogleService-Info.plist */,
				332C497A2A02783000E4A37C /* Assets.xcassets */,
				332C49762A02782E00E4A37C /* ToDoApp.swift */,
			);
			path = Other;
			sourceTree = "<group>";
		};
/* End PBXGroup section */

/* Begin PBXNativeTarget section */
		332C49722A02782E00E4A37C /* ToDo */ = {
			isa = PBXNativeTarget;
			buildConfigurationList = 332C49972A02783000E4A37C /* Build configuration list for PBXNativeTarget "ToDo" */;
			buildPhases = (
				332C496F2A02782E00E4A37C /* Sources */,
				332C49702A02782E00E4A37C /* Frameworks */,
				332C49712A02782E00E4A37C /* Resources */,
			);
			buildRules = (
			);
			dependencies = (
			);
			name = ToDo;
			packageProductDependencies = (
				332C49A32A027A3C00E4A37C /* FirebaseAnalytics */,
				332C49A52A027A3C00E4A37C /* FirebaseAnalyticsWithoutAdIdSupport */,
			);
			productName = ToDo;
			productReference = 332C49732A02782E00E4A37C /* ToDo.app */;
			productType = "com.apple.product-type.application";
		};
		332C49822A02783000E4A37C /* ToDoTests */ = {
			isa = PBXNativeTarget;
			buildConfigurationList = 332C499A2A02783000E4A37C /* Build configuration list for PBXNativeTarget "ToDoTests" */;
			buildPhases = (
				332C497F2A02783000E4A37C /* Sources */,
				332C49802A02783000E4A37C /* Frameworks */,
				332C49812A02783000E4A37C /* Resources */,
			);
			buildRules = (
			);
			dependencies = (
				332C49852A02783000E4A37C /* PBXTargetDependency */,
			);
			name = ToDoTests;
			productName = ToDoTests;
			productReference = 332C49832A02783000E4A37C /* ToDoTests.xctest */;
			productType = "com.apple.product-type.bundle.unit-test";
		};
		332C498C2A02783000E4A37C /* ToDoUITests */ = {
			isa = PBXNativeTarget;
			buildConfigurationList = 332C499D2A02783000E4A37C /* Build configuration list for PBXNativeTarget "ToDoUITests" */;
			buildPhases = (
				332C49892A02783000E4A37C /* Sources */,
				332C498A2A02783000E4A37C /* Frameworks */,
				332C498B2A02783000E4A37C /* Resources */,
			);
			buildRules = (
			);
			dependencies = (
				332C498F2A02783000E4A37C /* PBXTargetDependency */,
			);
			name = ToDoUITests;
			productName = ToDoUITests;
			productReference = 332C498D2A02783000E4A37C /* ToDoUITests.xctest */;
			productType = "com.apple.product-type.bundle.ui-testing";
		};
/* End PBXNativeTarget section */

/* Begin PBXProject section */
		332C496B2A02782E00E4A37C /* Project object */ = {
			isa = PBXProject;
			attributes = {
				BuildIndependentTargetsInParallel = 1;
				LastSwiftUpdateCheck = 1430;
				LastUpgradeCheck = 1430;
				TargetAttributes = {
					332C49722A02782E00E4A37C = {
						CreatedOnToolsVersion = 14.3;
					};
					332C49822A02783000E4A37C = {
						CreatedOnToolsVersion = 14.3;
						TestTargetID = 332C49722A02782E00E4A37C;
					};
					332C498C2A02783000E4A37C = {
						CreatedOnToolsVersion = 14.3;
						TestTargetID = 332C49722A02782E00E4A37C;
					};
				};
			};
			buildConfigurationList = 332C496E2A02782E00E4A37C /* Build configuration list for PBXProject "ToDo" */;
			compatibilityVersion = "Xcode 14.0";
			developmentRegion = en;
			hasScannedForEncodings = 0;
			knownRegions = (
				en,
				Base,
			);
			mainGroup = 332C496A2A02782E00E4A37C;
			packageReferences = (
				332C49A22A027A3C00E4A37C /* XCRemoteSwiftPackageReference "firebase-ios-sdk" */,
			);
			productRefGroup = 332C49742A02782E00E4A37C /* Products */;
			projectDirPath = "";
			projectRoot = "";
			targets = (
				332C49722A02782E00E4A37C /* ToDo */,
				332C49822A02783000E4A37C /* ToDoTests */,
				332C498C2A02783000E4A37C /* ToDoUITests */,
			);
		};
/* End PBXProject section */

/* Begin PBXResourcesBuildPhase section */
		332C49712A02782E00E4A37C /* Resources */ = {
			isa = PBXResourcesBuildPhase;
			buildActionMask = 2147483647;
			files = (
				332C497E2A02783000E4A37C /* Preview Assets.xcassets in Resources */,
				332C497B2A02783000E4A37C /* Assets.xcassets in Resources */,
			);
			runOnlyForDeploymentPostprocessing = 0;
		};
		332C49812A02783000E4A37C /* Resources */ = {
			isa = PBXResourcesBuildPhase;
			buildActionMask = 2147483647;
			files = (
			);
			runOnlyForDeploymentPostprocessing = 0;
		};
		332C498B2A02783000E4A37C /* Resources */ = {
			isa = PBXResourcesBuildPhase;
			buildActionMask = 2147483647;
			files = (
			);
			runOnlyForDeploymentPostprocessing = 0;
		};
/* End PBXResourcesBuildPhase section */

/* Begin PBXSourcesBuildPhase section */
		332C496F2A02782E00E4A37C /* Sources */ = {
			isa = PBXSourcesBuildPhase;
			buildActionMask = 2147483647;
			files = (
				332C49B52A027EB800E4A37C /* LoginView.swift in Sources */,
				332C49CE2A02857400E4A37C /* HeaderView.swift in Sources */,
				332C49BC2A027F8700E4A37C /* Users.swift in Sources */,
				332C49CA2A02804000E4A37C /* RegisterViewViewModel.swift in Sources */,
				332C49C02A027FEC00E4A37C /* MainViewViewModel.swift in Sources */,
				332C49792A02782E00E4A37C /* MainView.swift in Sources */,
				332C49B12A027E8800E4A37C /* ToDoListitemsView.swift in Sources */,
				332C49C22A027FFA00E4A37C /* ProfileViewViewModel.swift in Sources */,
				332C49BE2A027FA200E4A37C /* ToDoListitem.swift in Sources */,
				332C49B72A027EC300E4A37C /* RegisterView.swift in Sources */,
				332C49AF2A027E5700E4A37C /* ProfileView.swift in Sources */,
				332C49C42A02801800E4A37C /* ToDoListViewViewModel.swift in Sources */,
				332C49C82A02803400E4A37C /* LoginViewViewModel.swift in Sources */,
				332C49B92A027F4C00E4A37C /* ToDoListitemView.swift in Sources */,
				332C49CC2A02805A00E4A37C /* ToDoListitemViewViewModel.swift in Sources */,
				332C49C62A02802A00E4A37C /* NewitemViewViewModel.swift in Sources */,
				332C49772A02782E00E4A37C /* ToDoApp.swift in Sources */,
				332C49B32A027E9D00E4A37C /* NewitemView.swift in Sources */,
			);
			runOnlyForDeploymentPostprocessing = 0;
		};
		332C497F2A02783000E4A37C /* Sources */ = {
			isa = PBXSourcesBuildPhase;
			buildActionMask = 2147483647;
			files = (
				332C49882A02783000E4A37C /* ToDoTests.swift in Sources */,
			);
			runOnlyForDeploymentPostprocessing = 0;
		};
		332C49892A02783000E4A37C /* Sources */ = {
			isa = PBXSourcesBuildPhase;
			buildActionMask = 2147483647;
			files = (
				332C49942A02783000E4A37C /* ToDoUITestsLaunchTests.swift in Sources */,
				332C49922A02783000E4A37C /* ToDoUITests.swift in Sources */,
			);
			runOnlyForDeploymentPostprocessing = 0;
		};
/* End PBXSourcesBuildPhase section */

/* Begin PBXTargetDependency section */
		332C49852A02783000E4A37C /* PBXTargetDependency */ = {
			isa = PBXTargetDependency;
			target = 332C49722A02782E00E4A37C /* ToDo */;
			targetProxy = 332C49842A02783000E4A37C /* PBXContainerItemProxy */;
		};
		332C498F2A02783000E4A37C /* PBXTargetDependency */ = {
			isa = PBXTargetDependency;
			target = 332C49722A02782E00E4A37C /* ToDo */;
			targetProxy = 332C498E2A02783000E4A37C /* PBXContainerItemProxy */;
		};
/* End PBXTargetDependency section */

/* Begin XCBuildConfiguration section */
		332C49952A02783000E4A37C /* Debug */ = {
			isa = XCBuildConfiguration;
			buildSettings = {
				ALWAYS_SEARCH_USER_PATHS = NO;
				CLANG_ANALYZER_NONNULL = YES;
				CLANG_ANALYZER_NUMBER_OBJECT_CONVERSION = YES_AGGRESSIVE;
				CLANG_CXX_LANGUAGE_STANDARD = "gnu++20";
				CLANG_ENABLE_MODULES = YES;
				CLANG_ENABLE_OBJC_ARC = YES;
				CLANG_ENABLE_OBJC_WEAK = YES;
				CLANG_WARN_BLOCK_CAPTURE_AUTORELEASING = YES;
				CLANG_WARN_BOOL_CONVERSION = YES;
				CLANG_WARN_COMMA = YES;
				CLANG_WARN_CONSTANT_CONVERSION = YES;
				CLANG_WARN_DEPRECATED_OBJC_IMPLEMENTATIONS = YES;
				CLANG_WARN_DIRECT_OBJC_ISA_USAGE = YES_ERROR;
				CLANG_WARN_DOCUMENTATION_COMMENTS = YES;
				CLANG_WARN_EMPTY_BODY = YES;
				CLANG_WARN_ENUM_CONVERSION = YES;
				CLANG_WARN_INFINITE_RECURSION = YES;
				CLANG_WARN_INT_CONVERSION = YES;
				CLANG_WARN_NON_LITERAL_NULL_CONVERSION = YES;
				CLANG_WARN_OBJC_IMPLICIT_RETAIN_SELF = YES;
				CLANG_WARN_OBJC_LITERAL_CONVERSION = YES;
				CLANG_WARN_OBJC_ROOT_CLASS = YES_ERROR;
				CLANG_WARN_QUOTED_INCLUDE_IN_FRAMEWORK_HEADER = YES;
				CLANG_WARN_RANGE_LOOP_ANALYSIS = YES;
				CLANG_WARN_STRICT_PROTOTYPES = YES;
				CLANG_WARN_SUSPICIOUS_MOVE = YES;
				CLANG_WARN_UNGUARDED_AVAILABILITY = YES_AGGRESSIVE;
				CLANG_WARN_UNREACHABLE_CODE = YES;
				CLANG_WARN__DUPLICATE_METHOD_MATCH = YES;
				COPY_PHASE_STRIP = NO;
				DEBUG_INFORMATION_FORMAT = dwarf;
				ENABLE_STRICT_OBJC_MSGSEND = YES;
				ENABLE_TESTABILITY = YES;
				GCC_C_LANGUAGE_STANDARD = gnu11;
				GCC_DYNAMIC_NO_PIC = NO;
				GCC_NO_COMMON_BLOCKS = YES;
				GCC_OPTIMIZATION_LEVEL = 0;
				GCC_PREPROCESSOR_DEFINITIONS = (
					"DEBUG=1",
					"$(inherited)",
				);
				GCC_WARN_64_TO_32_BIT_CONVERSION = YES;
				GCC_WARN_ABOUT_RETURN_TYPE = YES_ERROR;
				GCC_WARN_UNDECLARED_SELECTOR = YES;
				GCC_WARN_UNINITIALIZED_AUTOS = YES_AGGRESSIVE;
				GCC_WARN_UNUSED_FUNCTION = YES;
				GCC_WARN_UNUSED_VARIABLE = YES;
				IPHONEOS_DEPLOYMENT_TARGET = 16.4;
				MTL_ENABLE_DEBUG_INFO = INCLUDE_SOURCE;
				MTL_FAST_MATH = YES;
				ONLY_ACTIVE_ARCH = YES;
				SDKROOT = iphoneos;
				SWIFT_ACTIVE_COMPILATION_CONDITIONS = DEBUG;
				SWIFT_OPTIMIZATION_LEVEL = "-Onone";
			};
			name = Debug;
		};
		332C49962A02783000E4A37C /* Release */ = {
			isa = XCBuildConfiguration;
			buildSettings = {
				ALWAYS_SEARCH_USER_PATHS = NO;
				CLANG_ANALYZER_NONNULL = YES;
				CLANG_ANALYZER_NUMBER_OBJECT_CONVERSION = YES_AGGRESSIVE;
				CLANG_CXX_LANGUAGE_STANDARD = "gnu++20";
				CLANG_ENABLE_MODULES = YES;
				CLANG_ENABLE_OBJC_ARC = YES;
				CLANG_ENABLE_OBJC_WEAK = YES;
				CLANG_WARN_BLOCK_CAPTURE_AUTORELEASING = YES;
				CLANG_WARN_BOOL_CONVERSION = YES;
				CLANG_WARN_COMMA = YES;
				CLANG_WARN_CONSTANT_CONVERSION = YES;
				CLANG_WARN_DEPRECATED_OBJC_IMPLEMENTATIONS = YES;
				CLANG_WARN_DIRECT_OBJC_ISA_USAGE = YES_ERROR;
				CLANG_WARN_DOCUMENTATION_COMMENTS = YES;
				CLANG_WARN_EMPTY_BODY = YES;
				CLANG_WARN_ENUM_CONVERSION = YES;
				CLANG_WARN_INFINITE_RECURSION = YES;
				CLANG_WARN_INT_CONVERSION = YES;
				CLANG_WARN_NON_LITERAL_NULL_CONVERSION = YES;
				CLANG_WARN_OBJC_IMPLICIT_RETAIN_SELF = YES;
				CLANG_WARN_OBJC_LITERAL_CONVERSION = YES;
				CLANG_WARN_OBJC_ROOT_CLASS = YES_ERROR;
				CLANG_WARN_QUOTED_INCLUDE_IN_FRAMEWORK_HEADER = YES;
				CLANG_WARN_RANGE_LOOP_ANALYSIS = YES;
				CLANG_WARN_STRICT_PROTOTYPES = YES;
				CLANG_WARN_SUSPICIOUS_MOVE = YES;
				CLANG_WARN_UNGUARDED_AVAILABILITY = YES_AGGRESSIVE;
				CLANG_WARN_UNREACHABLE_CODE = YES;
				CLANG_WARN__DUPLICATE_METHOD_MATCH = YES;
				COPY_PHASE_STRIP = NO;
				DEBUG_INFORMATION_FORMAT = "dwarf-with-dsym";
				ENABLE_NS_ASSERTIONS = NO;
				ENABLE_STRICT_OBJC_MSGSEND = YES;
				GCC_C_LANGUAGE_STANDARD = gnu11;
				GCC_NO_COMMON_BLOCKS = YES;
				GCC_WARN_64_TO_32_BIT_CONVERSION = YES;
				GCC_WARN_ABOUT_RETURN_TYPE = YES_ERROR;
				GCC_WARN_UNDECLARED_SELECTOR = YES;
				GCC_WARN_UNINITIALIZED_AUTOS = YES_AGGRESSIVE;
				GCC_WARN_UNUSED_FUNCTION = YES;
				GCC_WARN_UNUSED_VARIABLE = YES;
				IPHONEOS_DEPLOYMENT_TARGET = 16.4;
				MTL_ENABLE_DEBUG_INFO = NO;
				MTL_FAST_MATH = YES;
				SDKROOT = iphoneos;
				SWIFT_COMPILATION_MODE = wholemodule;
				SWIFT_OPTIMIZATION_LEVEL = "-O";
				VALIDATE_PRODUCT = YES;
			};
			name = Release;
		};
		332C49982A02783000E4A37C /* Debug */ = {
			isa = XCBuildConfiguration;
			buildSettings = {
				ASSETCATALOG_COMPILER_APPICON_NAME = AppIcon;
				ASSETCATALOG_COMPILER_GLOBAL_ACCENT_COLOR_NAME = AccentColor;
				CODE_SIGN_STYLE = Automatic;
				CURRENT_PROJECT_VERSION = 1;
				DEVELOPMENT_ASSET_PATHS = "\"ToDo/Preview Content\"";
				DEVELOPMENT_TEAM = 8657VQ2MUK;
				ENABLE_PREVIEWS = YES;
				GENERATE_INFOPLIST_FILE = YES;
				INFOPLIST_KEY_CFBundleDisplayName = "ToDo List";
				INFOPLIST_KEY_UIApplicationSceneManifest_Generation = YES;
				INFOPLIST_KEY_UIApplicationSupportsIndirectInputEvents = YES;
				INFOPLIST_KEY_UILaunchScreen_Generation = YES;
				INFOPLIST_KEY_UISupportedInterfaceOrientations = UIInterfaceOrientationPortrait;
				INFOPLIST_KEY_UISupportedInterfaceOrientations_iPad = "UIInterfaceOrientationPortrait UIInterfaceOrientationPortraitUpsideDown";
				LD_RUNPATH_SEARCH_PATHS = (
					"$(inherited)",
					"@executable_path/Frameworks",
				);
				MARKETING_VERSION = 1.0;
				PRODUCT_BUNDLE_IDENTIFIER = mac.ToDo;
				PRODUCT_NAME = "$(TARGET_NAME)";
				SWIFT_EMIT_LOC_STRINGS = YES;
				SWIFT_VERSION = 5.0;
				TARGETED_DEVICE_FAMILY = "1,2";
			};
			name = Debug;
		};
		332C49992A02783000E4A37C /* Release */ = {
			isa = XCBuildConfiguration;
			buildSettings = {
				ASSETCATALOG_COMPILER_APPICON_NAME = AppIcon;
				ASSETCATALOG_COMPILER_GLOBAL_ACCENT_COLOR_NAME = AccentColor;
				CODE_SIGN_STYLE = Automatic;
				CURRENT_PROJECT_VERSION = 1;
				DEVELOPMENT_ASSET_PATHS = "\"ToDo/Preview Content\"";
				DEVELOPMENT_TEAM = 8657VQ2MUK;
				ENABLE_PREVIEWS = YES;
				GENERATE_INFOPLIST_FILE = YES;
				INFOPLIST_KEY_CFBundleDisplayName = "ToDo List";
				INFOPLIST_KEY_UIApplicationSceneManifest_Generation = YES;
				INFOPLIST_KEY_UIApplicationSupportsIndirectInputEvents = YES;
				INFOPLIST_KEY_UILaunchScreen_Generation = YES;
				INFOPLIST_KEY_UISupportedInterfaceOrientations = UIInterfaceOrientationPortrait;
				INFOPLIST_KEY_UISupportedInterfaceOrientations_iPad = "UIInterfaceOrientationPortrait UIInterfaceOrientationPortraitUpsideDown";
				LD_RUNPATH_SEARCH_PATHS = (
					"$(inherited)",
					"@executable_path/Frameworks",
				);
				MARKETING_VERSION = 1.0;
				PRODUCT_BUNDLE_IDENTIFIER = mac.ToDo;
				PRODUCT_NAME = "$(TARGET_NAME)";
				SWIFT_EMIT_LOC_STRINGS = YES;
				SWIFT_VERSION = 5.0;
				TARGETED_DEVICE_FAMILY = "1,2";
			};
			name = Release;
		};
		332C499B2A02783000E4A37C /* Debug */ = {
			isa = XCBuildConfiguration;
			buildSettings = {
				ALWAYS_EMBED_SWIFT_STANDARD_LIBRARIES = YES;
				BUNDLE_LOADER = "$(TEST_HOST)";
				CODE_SIGN_STYLE = Automatic;
				CURRENT_PROJECT_VERSION = 1;
				DEVELOPMENT_TEAM = 8657VQ2MUK;
				GENERATE_INFOPLIST_FILE = YES;
				IPHONEOS_DEPLOYMENT_TARGET = 16.4;
				MARKETING_VERSION = 1.0;
				PRODUCT_BUNDLE_IDENTIFIER = mac.ToDoTests;
				PRODUCT_NAME = "$(TARGET_NAME)";
				SWIFT_EMIT_LOC_STRINGS = NO;
				SWIFT_VERSION = 5.0;
				TARGETED_DEVICE_FAMILY = "1,2";
				TEST_HOST = "$(BUILT_PRODUCTS_DIR)/ToDo.app/$(BUNDLE_EXECUTABLE_FOLDER_PATH)/ToDo";
			};
			name = Debug;
		};
		332C499C2A02783000E4A37C /* Release */ = {
			isa = XCBuildConfiguration;
			buildSettings = {
				ALWAYS_EMBED_SWIFT_STANDARD_LIBRARIES = YES;
				BUNDLE_LOADER = "$(TEST_HOST)";
				CODE_SIGN_STYLE = Automatic;
				CURRENT_PROJECT_VERSION = 1;
				DEVELOPMENT_TEAM = 8657VQ2MUK;
				GENERATE_INFOPLIST_FILE = YES;
				IPHONEOS_DEPLOYMENT_TARGET = 16.4;
				MARKETING_VERSION = 1.0;
				PRODUCT_BUNDLE_IDENTIFIER = mac.ToDoTests;
				PRODUCT_NAME = "$(TARGET_NAME)";
				SWIFT_EMIT_LOC_STRINGS = NO;
				SWIFT_VERSION = 5.0;
				TARGETED_DEVICE_FAMILY = "1,2";
				TEST_HOST = "$(BUILT_PRODUCTS_DIR)/ToDo.app/$(BUNDLE_EXECUTABLE_FOLDER_PATH)/ToDo";
			};
			name = Release;
		};
		332C499E2A02783000E4A37C /* Debug */ = {
			isa = XCBuildConfiguration;
			buildSettings = {
				ALWAYS_EMBED_SWIFT_STANDARD_LIBRARIES = YES;
				CODE_SIGN_STYLE = Automatic;
				CURRENT_PROJECT_VERSION = 1;
				DEVELOPMENT_TEAM = 8657VQ2MUK;
				GENERATE_INFOPLIST_FILE = YES;
				MARKETING_VERSION = 1.0;
				PRODUCT_BUNDLE_IDENTIFIER = mac.ToDoUITests;
				PRODUCT_NAME = "$(TARGET_NAME)";
				SWIFT_EMIT_LOC_STRINGS = NO;
				SWIFT_VERSION = 5.0;
				TARGETED_DEVICE_FAMILY = "1,2";
				TEST_TARGET_NAME = ToDo;
			};
			name = Debug;
		};
		332C499F2A02783000E4A37C /* Release */ = {
			isa = XCBuildConfiguration;
			buildSettings = {
				ALWAYS_EMBED_SWIFT_STANDARD_LIBRARIES = YES;
				CODE_SIGN_STYLE = Automatic;
				CURRENT_PROJECT_VERSION = 1;
				DEVELOPMENT_TEAM = 8657VQ2MUK;
				GENERATE_INFOPLIST_FILE = YES;
				MARKETING_VERSION = 1.0;
				PRODUCT_BUNDLE_IDENTIFIER = mac.ToDoUITests;
				PRODUCT_NAME = "$(TARGET_NAME)";
				SWIFT_EMIT_LOC_STRINGS = NO;
				SWIFT_VERSION = 5.0;
				TARGETED_DEVICE_FAMILY = "1,2";
				TEST_TARGET_NAME = ToDo;
			};
			name = Release;
		};
/* End XCBuildConfiguration section */

/* Begin XCConfigurationList section */
		332C496E2A02782E00E4A37C /* Build configuration list for PBXProject "ToDo" */ = {
			isa = XCConfigurationList;
			buildConfigurations = (
				332C49952A02783000E4A37C /* Debug */,
				332C49962A02783000E4A37C /* Release */,
			);
			defaultConfigurationIsVisible = 0;
			defaultConfigurationName = Release;
		};
		332C49972A02783000E4A37C /* Build configuration list for PBXNativeTarget "ToDo" */ = {
			isa = XCConfigurationList;
			buildConfigurations = (
				332C49982A02783000E4A37C /* Debug */,
				332C49992A02783000E4A37C /* Release */,
			);
			defaultConfigurationIsVisible = 0;
			defaultConfigurationName = Release;
		};
		332C499A2A02783000E4A37C /* Build configuration list for PBXNativeTarget "ToDoTests" */ = {
			isa = XCConfigurationList;
			buildConfigurations = (
				332C499B2A02783000E4A37C /* Debug */,
				332C499C2A02783000E4A37C /* Release */,
			);
			defaultConfigurationIsVisible = 0;
			defaultConfigurationName = Release;
		};
		332C499D2A02783000E4A37C /* Build configuration list for PBXNativeTarget "ToDoUITests" */ = {
			isa = XCConfigurationList;
			buildConfigurations = (
				332C499E2A02783000E4A37C /* Debug */,
				332C499F2A02783000E4A37C /* Release */,
			);
			defaultConfigurationIsVisible = 0;
			defaultConfigurationName = Release;
		};
/* End XCConfigurationList section */

/* Begin XCRemoteSwiftPackageReference section */
		332C49A22A027A3C00E4A37C /* XCRemoteSwiftPackageReference "firebase-ios-sdk" */ = {
			isa = XCRemoteSwiftPackageReference;
			repositoryURL = "https://github.com/firebase/firebase-ios-sdk";
			requirement = {
				kind = upToNextMajorVersion;
				minimumVersion = 10.0.0;
			};
		};
/* End XCRemoteSwiftPackageReference section */

/* Begin XCSwiftPackageProductDependency section */
		332C49A32A027A3C00E4A37C /* FirebaseAnalytics */ = {
			isa = XCSwiftPackageProductDependency;
			package = 332C49A22A027A3C00E4A37C /* XCRemoteSwiftPackageReference "firebase-ios-sdk" */;
			productName = FirebaseAnalytics;
		};
		332C49A52A027A3C00E4A37C /* FirebaseAnalyticsWithoutAdIdSupport */ = {
			isa = XCSwiftPackageProductDependency;
			package = 332C49A22A027A3C00E4A37C /* XCRemoteSwiftPackageReference "firebase-ios-sdk" */;
			productName = FirebaseAnalyticsWithoutAdIdSupport;
		};
/* End XCSwiftPackageProductDependency section */
	};
	rootObject = 332C496B2A02782E00E4A37C /* Project object */;
}
